
Microsoft Visual Studio Solution File, Format Version 12.00
# Visual Studio Version 17
VisualStudioVersion = 17.7.34024.191
MinimumVisualStudioVersion = 10.0.40219.1
Project("{9A19103F-16F7-4668-BE54-9A1E7A4F7556}") = "Control de ingresos", "Control de ingresos\Control de ingresos.csproj", "{A4E9DDCF-BC1B-46F0-92A0-8493FD3EDB5C}"
EndProject
Project("{9A19103F-16F7-4668-BE54-9A1E7A4F7556}") = "Testeo", "Testeo\Testeo.csproj", "{F40BB953-F8C4-408B-9231-5EF3E1AA9CD6}"
EndProject
Project("{9A19103F-16F7-4668-BE54-9A1E7A4F7556}") = "Aplicacion", "Login\Aplicacion.csproj", "{99DFE799-3F05-4EE7-B624-C24F4D333BF3}"
EndProject
Project("{2150E333-8FDC-42A3-9474-1A3956D46DE8}") = "Elementos de la solución", "Elementos de la solución", "{86A7C4E6-7CF0-45E5-B2E5-2DBEACDE7BA6}"
	ProjectSection(SolutionItems) = preProject
		..\..\..\OneDrive\Escritorio\ojo.png = ..\..\..\OneDrive\Escritorio\ojo.png
	EndProjectSection
EndProject
Global
	GlobalSection(SolutionConfigurationPlatforms) = preSolution
		Debug|Any CPU = Debug|Any CPU
		Release|Any CPU = Release|Any CPU
	EndGlobalSection
	GlobalSection(ProjectConfigurationPlatforms) = postSolution
		{A4E9DDCF-BC1B-46F0-92A0-8493FD3EDB5C}.Debug|Any CPU.ActiveCfg = Debug|Any CPU
		{A4E9DDCF-BC1B-46F0-92A0-8493FD3EDB5C}.Debug|Any CPU.Build.0 = Debug|Any CPU
		{A4E9DDCF-BC1B-46F0-92A0-8493FD3EDB5C}.Release|Any CPU.ActiveCfg = Release|Any CPU
		{A4E9DDCF-BC1B-46F0-92A0-8493FD3EDB5C}.Release|Any CPU.Build.0 = Release|Any CPU
		{F40BB953-F8C4-408B-9231-5EF3E1AA9CD6}.Debug|Any CPU.ActiveCfg = Debug|Any CPU
		{F40BB953-F8C4-408B-9231-5EF3E1AA9CD6}.Debug|Any CPU.Build.0 = Debug|Any CPU
		{F40BB953-F8C4-408B-9231-5EF3E1AA9CD6}.Release|Any CPU.ActiveCfg = Release|Any CPU
		{F40BB953-F8C4-408B-9231-5EF3E1AA9CD6}.Release|Any CPU.Build.0 = Release|Any CPU
		{99DFE799-3F05-4EE7-B624-C24F4D333BF3}.Debug|Any CPU.ActiveCfg = Debug|Any CPU
		{99DFE799-3F05-4EE7-B624-C24F4D333BF3}.Debug|Any CPU.Build.0 = Debug|Any CPU
		{99DFE799-3F05-4EE7-B624-C24F4D333BF3}.Release|Any CPU.ActiveCfg = Release|Any CPU
		{99DFE799-3F05-4EE7-B624-C24F4D333BF3}.Release|Any CPU.Build.0 = Release|Any CPU
	EndGlobalSection
	GlobalSection(SolutionProperties) = preSolution
		HideSolutionNode = FALSE
	EndGlobalSection
	GlobalSection(ExtensibilityGlobals) = postSolution
		SolutionGuid = {A06D6622-B818-420E-8A96-A0795B24FABC}
	EndGlobalSection
EndGlobal
